PODS:
  - DartCvIOS (4.11.0.4):
    - DartCvIOS/calib3d (= 4.11.0.4)
    - DartCvIOS/contrib (= 4.11.0.4)
    - DartCvIOS/core (= 4.11.0.4)
    - DartCvIOS/features2d (= 4.11.0.4)
    - DartCvIOS/imgproc (= 4.11.0.4)
    - DartCvIOS/objdetect (= 4.11.0.4)
    - DartCvIOS/photo (= 4.11.0.4)
    - DartCvIOS/stitching (= 4.11.0.4)
    - DartCvIOS/video (= 4.11.0.4)
  - DartCvIOS/calib3d (4.11.0.4):
    - DartCvIOS/core
  - DartCvIOS/contrib (4.11.0.4):
    - DartCvIOS/core
  - DartCvIOS/core (4.11.0.4)
  - DartCvIOS/dnn (4.11.0.4):
    - DartCvIOS/core
  - DartCvIOS/features2d (4.11.0.4):
    - DartCvIOS/core
  - DartCvIOS/imgproc (4.11.0.4):
    - DartCvIOS/core
  - DartCvIOS/objdetect (4.11.0.4):
    - DartCvIOS/core
  - DartCvIOS/photo (4.11.0.4):
    - DartCvIOS/core
  - DartCvIOS/stitching (4.11.0.4):
    - DartCvIOS/core
  - DartCvIOS/video (4.11.0.4):
    - DartCvIOS/core
  - DartCvIOS/videoio (4.11.0.4):
    - DartCvIOS/core
  - Flutter (1.0.0)
  - opencv_dart (0.0.1):
    - DartCvIOS (= 4.11.0.4)
    - DartCvIOS/dnn (= 4.11.0.4)
    - DartCvIOS/videoio (= 4.11.0.4)
    - Flutter

DEPENDENCIES:
  - Flutter (from `Flutter`)
  - opencv_dart (from `.symlinks/plugins/opencv_dart/ios`)

SPEC REPOS:
  trunk:
    - DartCvIOS

EXTERNAL SOURCES:
  Flutter:
    :path: Flutter
  opencv_dart:
    :path: ".symlinks/plugins/opencv_dart/ios"

SPEC CHECKSUMS:
  DartCvIOS: 53c234f425d062cae03054a2dec7a98be9ecd967
  Flutter: e0871f40cf51350855a761d2e70bf5af5b9b5de7
  opencv_dart: 4cc88cfd7b02e1aa8e4683345297ac988e50f7b3

PODFILE CHECKSUM: 819463e6a0290f5a72f145ba7cde16e8b6ef0796

COCOAPODS: 1.16.2
